
Microsoft Visual Studio Solution File, Format Version 12.00
Project("{FAE04EC0-301F-11D3-BF4B-00C04F79EFBC}") = "SharpAutomatons", "SharpAutomatons\SharpAutomatons.csproj", "{D96F70CD-D8EC-490C-9705-30B13ED8E584}"
EndProject
Global
	GlobalSection(SolutionConfigurationPlatforms) = preSolution
		Debug|Any CPU = Debug|Any CPU
		Release|Any CPU = Release|Any CPU
	EndGlobalSection
	GlobalSection(ProjectConfigurationPlatforms) = postSolution
		{D96F70CD-D8EC-490C-9705-30B13ED8E584}.Debug|Any CPU.ActiveCfg = Debug|Any CPU
		{D96F70CD-D8EC-490C-9705-30B13ED8E584}.Debug|Any CPU.Build.0 = Debug|Any CPU
		{D96F70CD-D8EC-490C-9705-30B13ED8E584}.Release|Any CPU.ActiveCfg = Release|Any CPU
		{D96F70CD-D8EC-490C-9705-30B13ED8E584}.Release|Any CPU.Build.0 = Release|Any CPU
	EndGlobalSection
EndGlobal
